<?xml version="1.0" encoding="utf-8"?>
<Project ToolsVersion="17.0" xmlns="http://schemas.microsoft.com/developer/msbuild/2003">
  <ItemGroup>
    <CustomBuild Include="C:\Users\thene\Documents\BHS Companion App\BHS_CompanionApp\build\windows\CMakeFiles\3dcee711e4b0e5f4a064c83645ccabe3\INSTALL_force.rule">
      <Filter>CMake Rules</Filter>
    </CustomBuild>
  </ItemGroup>
  <ItemGroup>
    <Filter Include="CMake Rules">
      <UniqueIdentifier>{913A352A-1789-35A1-9C48-F7E05E7966EF}</UniqueIdentifier>
    </Filter>
  </ItemGroup>
</Project>
